
Microsoft Visual Studio Solution File, Format Version 12.00
# Visual Studio Version 17
VisualStudioVersion = 17.0.31903.59
MinimumVisualStudioVersion = 10.0.40219.1
Project("{FAE04EC0-301F-11D3-BF4B-00C04F79EFBC}") = "Solution", "Solution\Solution.csproj", "{CC1C6E5D-43D2-40D6-AE56-0D5588CF9220}"
EndProject
Project("{FAE04EC0-301F-11D3-BF4B-00C04F79EFBC}") = "Tests", "Tests\Tests.csproj", "{3DAD3E29-8B58-4DC4-B0FD-E576FABA6F0E}"
EndProject
Global
	GlobalSection(SolutionConfigurationPlatforms) = preSolution
		Debug|Any CPU = Debug|Any CPU
		Debug|x64 = Debug|x64
		Debug|x86 = Debug|x86
		Release|Any CPU = Release|Any CPU
		Release|x64 = Release|x64
		Release|x86 = Release|x86
	EndGlobalSection
	GlobalSection(ProjectConfigurationPlatforms) = postSolution
		{CC1C6E5D-43D2-40D6-AE56-0D5588CF9220}.Debug|Any CPU.ActiveCfg = Debug|Any CPU
		{CC1C6E5D-43D2-40D6-AE56-0D5588CF9220}.Debug|Any CPU.Build.0 = Debug|Any CPU
		{CC1C6E5D-43D2-40D6-AE56-0D5588CF9220}.Debug|x64.ActiveCfg = Debug|Any CPU
		{CC1C6E5D-43D2-40D6-AE56-0D5588CF9220}.Debug|x64.Build.0 = Debug|Any CPU
		{CC1C6E5D-43D2-40D6-AE56-0D5588CF9220}.Debug|x86.ActiveCfg = Debug|Any CPU
		{CC1C6E5D-43D2-40D6-AE56-0D5588CF9220}.Debug|x86.Build.0 = Debug|Any CPU
		{CC1C6E5D-43D2-40D6-AE56-0D5588CF9220}.Release|Any CPU.ActiveCfg = Release|Any CPU
		{CC1C6E5D-43D2-40D6-AE56-0D5588CF9220}.Release|Any CPU.Build.0 = Release|Any CPU
		{CC1C6E5D-43D2-40D6-AE56-0D5588CF9220}.Release|x64.ActiveCfg = Release|Any CPU
		{CC1C6E5D-43D2-40D6-AE56-0D5588CF9220}.Release|x64.Build.0 = Release|Any CPU
		{CC1C6E5D-43D2-40D6-AE56-0D5588CF9220}.Release|x86.ActiveCfg = Release|Any CPU
		{CC1C6E5D-43D2-40D6-AE56-0D5588CF9220}.Release|x86.Build.0 = Release|Any CPU
		{3DAD3E29-8B58-4DC4-B0FD-E576FABA6F0E}.Debug|Any CPU.ActiveCfg = Debug|Any CPU
		{3DAD3E29-8B58-4DC4-B0FD-E576FABA6F0E}.Debug|Any CPU.Build.0 = Debug|Any CPU
		{3DAD3E29-8B58-4DC4-B0FD-E576FABA6F0E}.Debug|x64.ActiveCfg = Debug|Any CPU
		{3DAD3E29-8B58-4DC4-B0FD-E576FABA6F0E}.Debug|x64.Build.0 = Debug|Any CPU
		{3DAD3E29-8B58-4DC4-B0FD-E576FABA6F0E}.Debug|x86.ActiveCfg = Debug|Any CPU
		{3DAD3E29-8B58-4DC4-B0FD-E576FABA6F0E}.Debug|x86.Build.0 = Debug|Any CPU
		{3DAD3E29-8B58-4DC4-B0FD-E576FABA6F0E}.Release|Any CPU.ActiveCfg = Release|Any CPU
		{3DAD3E29-8B58-4DC4-B0FD-E576FABA6F0E}.Release|Any CPU.Build.0 = Release|Any CPU
		{3DAD3E29-8B58-4DC4-B0FD-E576FABA6F0E}.Release|x64.ActiveCfg = Release|Any CPU
		{3DAD3E29-8B58-4DC4-B0FD-E576FABA6F0E}.Release|x64.Build.0 = Release|Any CPU
		{3DAD3E29-8B58-4DC4-B0FD-E576FABA6F0E}.Release|x86.ActiveCfg = Release|Any CPU
		{3DAD3E29-8B58-4DC4-B0FD-E576FABA6F0E}.Release|x86.Build.0 = Release|Any CPU
	EndGlobalSection
	GlobalSection(SolutionProperties) = preSolution
		HideSolutionNode = FALSE
	EndGlobalSection
EndGlobal
