
Microsoft Visual Studio Solution File, Format Version 12.00
# Visual Studio Version 17
VisualStudioVersion = 17.8.34511.84
MinimumVisualStudioVersion = 10.0.40219.1
Project("{FAE04EC0-301F-11D3-BF4B-00C04F79EFBC}") = "Methods", "Methods\Methods.csproj", "{6F67FF8C-E846-469A-AB84-C769B4889BDA}"
EndProject
Project("{FAE04EC0-301F-11D3-BF4B-00C04F79EFBC}") = "TestMethods", "TestMethods\TestMethods.csproj", "{4130327A-BFAE-45D1-B8CB-C2592727E210}"
EndProject
Global
	GlobalSection(SolutionConfigurationPlatforms) = preSolution
		Debug|Any CPU = Debug|Any CPU
		Release|Any CPU = Release|Any CPU
	EndGlobalSection
	GlobalSection(ProjectConfigurationPlatforms) = postSolution
		{6F67FF8C-E846-469A-AB84-C769B4889BDA}.Debug|Any CPU.ActiveCfg = Debug|Any CPU
		{6F67FF8C-E846-469A-AB84-C769B4889BDA}.Debug|Any CPU.Build.0 = Debug|Any CPU
		{6F67FF8C-E846-469A-AB84-C769B4889BDA}.Release|Any CPU.ActiveCfg = Release|Any CPU
		{6F67FF8C-E846-469A-AB84-C769B4889BDA}.Release|Any CPU.Build.0 = Release|Any CPU
		{4130327A-BFAE-45D1-B8CB-C2592727E210}.Debug|Any CPU.ActiveCfg = Debug|Any CPU
		{4130327A-BFAE-45D1-B8CB-C2592727E210}.Debug|Any CPU.Build.0 = Debug|Any CPU
		{4130327A-BFAE-45D1-B8CB-C2592727E210}.Release|Any CPU.ActiveCfg = Release|Any CPU
		{4130327A-BFAE-45D1-B8CB-C2592727E210}.Release|Any CPU.Build.0 = Release|Any CPU
	EndGlobalSection
	GlobalSection(SolutionProperties) = preSolution
		HideSolutionNode = FALSE
	EndGlobalSection
	GlobalSection(ExtensibilityGlobals) = postSolution
		SolutionGuid = {E94E342E-6035-4E05-8907-22ACEDD9497A}
	EndGlobalSection
EndGlobal
